Microsoft Visual Studio Solution File, Format Version 12.00
# Visual Studio Version 17
VisualStudioVersion = 17.5.2.0
MinimumVisualStudioVersion = 10.0.40219.1
Project("{FAE04EC0-301F-11D3-BF4B-00C04F79EFBC}") = "DoseEmDia", "DoseEmDia.csproj", "{539D2C1A-C935-A3D6-E14F-78221A94FA64}"
EndProject
Global
	GlobalSection(SolutionConfigurationPlatforms) = preSolution
		Debug|Any CPU = Debug|Any CPU
		Release|Any CPU = Release|Any CPU
	EndGlobalSection
	GlobalSection(ProjectConfigurationPlatforms) = postSolution
		{539D2C1A-C935-A3D6-E14F-78221A94FA64}.Debug|Any CPU.ActiveCfg = Debug|Any CPU
		{539D2C1A-C935-A3D6-E14F-78221A94FA64}.Debug|Any CPU.Build.0 = Debug|Any CPU
		{539D2C1A-C935-A3D6-E14F-78221A94FA64}.Release|Any CPU.ActiveCfg = Release|Any CPU
		{539D2C1A-C935-A3D6-E14F-78221A94FA64}.Release|Any CPU.Build.0 = Release|Any CPU
	EndGlobalSection
	GlobalSection(SolutionProperties) = preSolution
		HideSolutionNode = FALSE
	EndGlobalSection
	GlobalSection(ExtensibilityGlobals) = postSolution
		SolutionGuid = {772AE4F4-BE1A-47C1-B408-E522B4FCB2E0}
	EndGlobalSection
EndGlobal
